
Microsoft Visual Studio Solution File, Format Version 12.00
# Visual Studio Version 17
VisualStudioVersion = 17.3.32825.248
MinimumVisualStudioVersion = 10.0.40219.1
Project("{8BC9CEB8-8B4A-11D0-8D11-00A0C91BC942}") = "BasicCLRFeaturea", "BasicCLRFeaturea.vcxproj", "{BEEE7C10-58F1-49EF-B5F9-D2C103F4FEDF}"
EndProject
Global
	GlobalSection(SolutionConfigurationPlatforms) = preSolution
		Debug|x64 = Debug|x64
		Debug|x86 = Debug|x86
		Release|x64 = Release|x64
		Release|x86 = Release|x86
	EndGlobalSection
	GlobalSection(ProjectConfigurationPlatforms) = postSolution
		{BEEE7C10-58F1-49EF-B5F9-D2C103F4FEDF}.Debug|x64.ActiveCfg = Debug|x64
		{BEEE7C10-58F1-49EF-B5F9-D2C103F4FEDF}.Debug|x64.Build.0 = Debug|x64
		{BEEE7C10-58F1-49EF-B5F9-D2C103F4FEDF}.Debug|x86.ActiveCfg = Debug|Win32
		{BEEE7C10-58F1-49EF-B5F9-D2C103F4FEDF}.Debug|x86.Build.0 = Debug|Win32
		{BEEE7C10-58F1-49EF-B5F9-D2C103F4FEDF}.Release|x64.ActiveCfg = Release|x64
		{BEEE7C10-58F1-49EF-B5F9-D2C103F4FEDF}.Release|x64.Build.0 = Release|x64
		{BEEE7C10-58F1-49EF-B5F9-D2C103F4FEDF}.Release|x86.ActiveCfg = Release|Win32
		{BEEE7C10-58F1-49EF-B5F9-D2C103F4FEDF}.Release|x86.Build.0 = Release|Win32
	EndGlobalSection
	GlobalSection(SolutionProperties) = preSolution
		HideSolutionNode = FALSE
	EndGlobalSection
	GlobalSection(ExtensibilityGlobals) = postSolution
		SolutionGuid = {406C0947-9536-40C1-9C3A-D9AF0AB54F57}
	EndGlobalSection
EndGlobal
